
Microsoft Visual Studio Solution File, Format Version 12.00
# Visual Studio Version 17
VisualStudioVersion = 17.3.32922.545
MinimumVisualStudioVersion = 10.0.40219.1
Project("{FAE04EC0-301F-11D3-BF4B-00C04F79EFBC}") = "HealthCheckSample.Web", "HealthCheckSample.Web\HealthCheckSample.Web.csproj", "{219E6DB4-5877-4554-83C2-3ECC89849921}"
EndProject
Project("{FAE04EC0-301F-11D3-BF4B-00C04F79EFBC}") = "HealthCheckSample.Api", "HealthCheckSample.Api\HealthCheckSample.Api.csproj", "{52190FD3-F25A-4347-8FD6-5DCE651212DB}"
EndProject
Global
	GlobalSection(SolutionConfigurationPlatforms) = preSolution
		Debug|Any CPU = Debug|Any CPU
		Release|Any CPU = Release|Any CPU
	EndGlobalSection
	GlobalSection(ProjectConfigurationPlatforms) = postSolution
		{219E6DB4-5877-4554-83C2-3ECC89849921}.Debug|Any CPU.ActiveCfg = Debug|Any CPU
		{219E6DB4-5877-4554-83C2-3ECC89849921}.Debug|Any CPU.Build.0 = Debug|Any CPU
		{219E6DB4-5877-4554-83C2-3ECC89849921}.Release|Any CPU.ActiveCfg = Release|Any CPU
		{219E6DB4-5877-4554-83C2-3ECC89849921}.Release|Any CPU.Build.0 = Release|Any CPU
		{52190FD3-F25A-4347-8FD6-5DCE651212DB}.Debug|Any CPU.ActiveCfg = Debug|Any CPU
		{52190FD3-F25A-4347-8FD6-5DCE651212DB}.Debug|Any CPU.Build.0 = Debug|Any CPU
		{52190FD3-F25A-4347-8FD6-5DCE651212DB}.Release|Any CPU.ActiveCfg = Release|Any CPU
		{52190FD3-F25A-4347-8FD6-5DCE651212DB}.Release|Any CPU.Build.0 = Release|Any CPU
	EndGlobalSection
	GlobalSection(SolutionProperties) = preSolution
		HideSolutionNode = FALSE
	EndGlobalSection
	GlobalSection(ExtensibilityGlobals) = postSolution
		SolutionGuid = {984084D7-703C-4F9E-B444-5EA8C3992464}
	EndGlobalSection
EndGlobal
